
Microsoft Visual Studio Solution File, Format Version 12.00
# Visual Studio Version 17
VisualStudioVersion = 17.4.33205.214
MinimumVisualStudioVersion = 10.0.40219.1
Project("{FAE04EC0-301F-11D3-BF4B-00C04F79EFBC}") = "Fraction", "Fraction\Fraction.csproj", "{6344941D-3F45-46EE-98B6-EA7E3BDB9B96}"
EndProject
Global
	GlobalSection(SolutionConfigurationPlatforms) = preSolution
		Debug|Any CPU = Debug|Any CPU
		Release|Any CPU = Release|Any CPU
	EndGlobalSection
	GlobalSection(ProjectConfigurationPlatforms) = postSolution
		{6344941D-3F45-46EE-98B6-EA7E3BDB9B96}.Debug|Any CPU.ActiveCfg = Debug|Any CPU
		{6344941D-3F45-46EE-98B6-EA7E3BDB9B96}.Debug|Any CPU.Build.0 = Debug|Any CPU
		{6344941D-3F45-46EE-98B6-EA7E3BDB9B96}.Release|Any CPU.ActiveCfg = Release|Any CPU
		{6344941D-3F45-46EE-98B6-EA7E3BDB9B96}.Release|Any CPU.Build.0 = Release|Any CPU
	EndGlobalSection
	GlobalSection(SolutionProperties) = preSolution
		HideSolutionNode = FALSE
	EndGlobalSection
	GlobalSection(ExtensibilityGlobals) = postSolution
		SolutionGuid = {83B3D9D9-1BBF-402B-85DC-6BC484393310}
	EndGlobalSection
EndGlobal
